
Microsoft Visual Studio Solution File, Format Version 12.00
# Visual Studio Version 17
VisualStudioVersion = 17.3.32519.111
MinimumVisualStudioVersion = 10.0.40219.1
Project("{9A19103F-16F7-4668-BE54-9A1E7A4F7556}") = "Environment", "src\Environment\Environment.csproj", "{B9A3EBB2-A213-4E09-9A53-966D4441D0D9}"
EndProject
Project("{9A19103F-16F7-4668-BE54-9A1E7A4F7556}") = "FileSystem", "src\FileSystem\FileSystem.csproj", "{99208391-46B6-4C39-A705-15838481C573}"
EndProject
Project("{9A19103F-16F7-4668-BE54-9A1E7A4F7556}") = "Registry", "src\Registry\Registry.csproj", "{6EF3D693-A769-45DD-866C-759A16E4C700}"
EndProject
Project("{9A19103F-16F7-4668-BE54-9A1E7A4F7556}") = "Environment.Tests", "test\Environment.Tests\Environment.Tests.csproj", "{6353FCF3-AC19-4BC1-A579-996034B3159E}"
EndProject
Project("{9A19103F-16F7-4668-BE54-9A1E7A4F7556}") = "FileSystem.Tests", "test\FileSystem.Tests\FileSystem.Tests.csproj", "{32DB8B9A-7C0E-4109-B96F-6D77A04CEACC}"
EndProject
Project("{9A19103F-16F7-4668-BE54-9A1E7A4F7556}") = "Registry.Tests", "test\Registry.Tests\Registry.Tests.csproj", "{8B47D7F6-BAF5-436E-994E-04C8581DC8F9}"
EndProject
Global
	GlobalSection(SolutionConfigurationPlatforms) = preSolution
		Debug|Any CPU = Debug|Any CPU
		Release|Any CPU = Release|Any CPU
	EndGlobalSection
	GlobalSection(ProjectConfigurationPlatforms) = postSolution
		{B9A3EBB2-A213-4E09-9A53-966D4441D0D9}.Debug|Any CPU.ActiveCfg = Debug|Any CPU
		{B9A3EBB2-A213-4E09-9A53-966D4441D0D9}.Debug|Any CPU.Build.0 = Debug|Any CPU
		{B9A3EBB2-A213-4E09-9A53-966D4441D0D9}.Release|Any CPU.ActiveCfg = Release|Any CPU
		{B9A3EBB2-A213-4E09-9A53-966D4441D0D9}.Release|Any CPU.Build.0 = Release|Any CPU
		{99208391-46B6-4C39-A705-15838481C573}.Debug|Any CPU.ActiveCfg = Debug|Any CPU
		{99208391-46B6-4C39-A705-15838481C573}.Debug|Any CPU.Build.0 = Debug|Any CPU
		{99208391-46B6-4C39-A705-15838481C573}.Release|Any CPU.ActiveCfg = Release|Any CPU
		{99208391-46B6-4C39-A705-15838481C573}.Release|Any CPU.Build.0 = Release|Any CPU
		{6EF3D693-A769-45DD-866C-759A16E4C700}.Debug|Any CPU.ActiveCfg = Debug|Any CPU
		{6EF3D693-A769-45DD-866C-759A16E4C700}.Debug|Any CPU.Build.0 = Debug|Any CPU
		{6EF3D693-A769-45DD-866C-759A16E4C700}.Release|Any CPU.ActiveCfg = Release|Any CPU
		{6EF3D693-A769-45DD-866C-759A16E4C700}.Release|Any CPU.Build.0 = Release|Any CPU
		{6353FCF3-AC19-4BC1-A579-996034B3159E}.Debug|Any CPU.ActiveCfg = Debug|Any CPU
		{6353FCF3-AC19-4BC1-A579-996034B3159E}.Debug|Any CPU.Build.0 = Debug|Any CPU
		{6353FCF3-AC19-4BC1-A579-996034B3159E}.Release|Any CPU.ActiveCfg = Release|Any CPU
		{6353FCF3-AC19-4BC1-A579-996034B3159E}.Release|Any CPU.Build.0 = Release|Any CPU
		{32DB8B9A-7C0E-4109-B96F-6D77A04CEACC}.Debug|Any CPU.ActiveCfg = Debug|Any CPU
		{32DB8B9A-7C0E-4109-B96F-6D77A04CEACC}.Debug|Any CPU.Build.0 = Debug|Any CPU
		{32DB8B9A-7C0E-4109-B96F-6D77A04CEACC}.Release|Any CPU.ActiveCfg = Release|Any CPU
		{32DB8B9A-7C0E-4109-B96F-6D77A04CEACC}.Release|Any CPU.Build.0 = Release|Any CPU
		{8B47D7F6-BAF5-436E-994E-04C8581DC8F9}.Debug|Any CPU.ActiveCfg = Debug|Any CPU
		{8B47D7F6-BAF5-436E-994E-04C8581DC8F9}.Debug|Any CPU.Build.0 = Debug|Any CPU
		{8B47D7F6-BAF5-436E-994E-04C8581DC8F9}.Release|Any CPU.ActiveCfg = Release|Any CPU
		{8B47D7F6-BAF5-436E-994E-04C8581DC8F9}.Release|Any CPU.Build.0 = Release|Any CPU
	EndGlobalSection
	GlobalSection(SolutionProperties) = preSolution
		HideSolutionNode = FALSE
	EndGlobalSection
	GlobalSection(ExtensibilityGlobals) = postSolution
		SolutionGuid = {6D5F83DF-0D61-4D02-8686-CF7B16311BDB}
	EndGlobalSection
EndGlobal
